
Microsoft Visual Studio Solution File, Format Version 12.00
# Visual Studio Version 17
VisualStudioVersion = 17.0.31903.59
MinimumVisualStudioVersion = 10.0.40219.1
Project("{9A19103F-16F7-4668-BE54-9A1E7A4F7556}") = "Tyuiu.KimmelDS.Sprint4.Task0.V10.Lib", "Tyuiu.KimmelDS.Sprint4.Task0.V10.Lib\Tyuiu.KimmelDS.Sprint4.Task0.V10.Lib.csproj", "{7C9F0057-9701-4D17-BB32-8EABFEA3C38F}"
EndProject
Project("{9A19103F-16F7-4668-BE54-9A1E7A4F7556}") = "Tyuiu.KimmelDS.Sprint4.Task0.V10", "Tyuiu.KimmelDS.Sprint4.Task0.V10\Tyuiu.KimmelDS.Sprint4.Task0.V10.csproj", "{DC1A4463-ECF4-4CDA-B2A4-724105F8FABD}"
EndProject
Project("{9A19103F-16F7-4668-BE54-9A1E7A4F7556}") = "Tyuiu.KimmelDS.Sprint4.Task0.V10.Test", "Tyuiu.KimmelDS.Sprint4.Task0.V10.Test\Tyuiu.KimmelDS.Sprint4.Task0.V10.Test.csproj", "{6E465C3F-F766-434E-B4FC-ECF9E26D0F2D}"
EndProject
Project("{9A19103F-16F7-4668-BE54-9A1E7A4F7556}") = "Tyuiu.KimmelDS.Sprint4.Task1.V27.Lib", "Tyuiu.KimmelDS.Sprint4.Task1.V27.Lib\Tyuiu.KimmelDS.Sprint4.Task1.V27.Lib.csproj", "{A60E3413-0B78-4DFB-A208-0A394A0E76D8}"
EndProject
Project("{9A19103F-16F7-4668-BE54-9A1E7A4F7556}") = "Tyuiu.KimmelDS.Sprint4.Task1.V27", "Tyuiu.KimmelDS.Sprint4.Task1.V27\Tyuiu.KimmelDS.Sprint4.Task1.V27.csproj", "{A497CDAA-BA02-4ACE-A3EE-93EC691C3987}"
EndProject
Project("{9A19103F-16F7-4668-BE54-9A1E7A4F7556}") = "Tyuiu.KimmelDS.Sprint4.Task1.V27.Test", "Tyuiu.KimmelDS.Sprint4.Task1.V27.Test\Tyuiu.KimmelDS.Sprint4.Task1.V27.Test.csproj", "{F241F4B2-C4A7-4B23-803D-4487B67C4C4B}"
EndProject
Project("{2150E333-8FDC-42A3-9474-1A3956D46DE8}") = "Task0", "Task0", "{E21A7FCD-25AB-40AB-9909-29DE8350C1E3}"
EndProject
Project("{2150E333-8FDC-42A3-9474-1A3956D46DE8}") = "Task1", "Task1", "{CA69DEF6-8F47-4641-AA6C-E06EAB430203}"
EndProject
Project("{9A19103F-16F7-4668-BE54-9A1E7A4F7556}") = "Tyuiu.KimmelDS.Sprint4.Task2.V19.Lib", "Tyuiu.KimmelDS.Sprint4.Task2.V19.Lib\Tyuiu.KimmelDS.Sprint4.Task2.V19.Lib.csproj", "{BFEF98D2-90DC-40E6-AB37-C8C8A899CF7B}"
EndProject
Project("{9A19103F-16F7-4668-BE54-9A1E7A4F7556}") = "Tyuiu.KimmelDS.Sprint4.Task2.V19", "Tyuiu.KimmelDS.Sprint4.Task2.V19\Tyuiu.KimmelDS.Sprint4.Task2.V19.csproj", "{443998B9-38E2-41E1-820B-7582C3DA85A9}"
EndProject
Project("{9A19103F-16F7-4668-BE54-9A1E7A4F7556}") = "Tyuiu.KimmelDS.Sprint4.Task2.V19.Test", "Tyuiu.KimmelDS.Sprint4.Task2.V19.Test\Tyuiu.KimmelDS.Sprint4.Task2.V19.Test.csproj", "{7F38D29E-3CEE-4E54-BF0E-230CD3B01A82}"
EndProject
Project("{2150E333-8FDC-42A3-9474-1A3956D46DE8}") = "Task2", "Task2", "{A5603DD9-3348-48F3-9D84-27DE3EFAFD28}"
EndProject
Project("{9A19103F-16F7-4668-BE54-9A1E7A4F7556}") = "Tyuiu.KimmelDS.Sprint4.Task3.V16.Lib", "Tyuiu.KimmelDS.Sprint4.Task3.V16.Lib\Tyuiu.KimmelDS.Sprint4.Task3.V16.Lib.csproj", "{53582B18-8D74-48D0-861F-379E5BDA9666}"
EndProject
Project("{9A19103F-16F7-4668-BE54-9A1E7A4F7556}") = "Tyuiu.KimmelDS.Sprint4.Task3.V16", "Tyuiu.KimmelDS.Sprint4.Task3.V16\Tyuiu.KimmelDS.Sprint4.Task3.V16.csproj", "{7736070E-2B7B-4BCE-A64A-99AD0F579667}"
EndProject
Project("{9A19103F-16F7-4668-BE54-9A1E7A4F7556}") = "Tyuiu.KimmelDS.Sprint4.Task3.V16.Test", "Tyuiu.KimmelDS.Sprint4.Task3.V16.Test\Tyuiu.KimmelDS.Sprint4.Task3.V16.Test.csproj", "{D9DB51C8-99E7-4691-8686-2A8C53F4A689}"
EndProject
Project("{2150E333-8FDC-42A3-9474-1A3956D46DE8}") = "Task3", "Task3", "{C1154BF0-2023-46F7-BA79-EEDFE6F8BEB0}"
EndProject
Project("{9A19103F-16F7-4668-BE54-9A1E7A4F7556}") = "Tyuiu.KimmelDS.Sprint4.Task4.V1.Lib", "Tyuiu.KimmelDS.Sprint4.Task4.V1.Lib\Tyuiu.KimmelDS.Sprint4.Task4.V1.Lib.csproj", "{F49A4D2D-8529-458E-A5AB-893C4D947A50}"
EndProject
Project("{9A19103F-16F7-4668-BE54-9A1E7A4F7556}") = "Tyuiu.KimmelDS.Sprint4.Task4.V1", "Tyuiu.KimmelDS.Sprint4.Task4.V1\Tyuiu.KimmelDS.Sprint4.Task4.V1.csproj", "{0CFBA335-D87F-4C89-9E6F-58BA4118A502}"
EndProject
Project("{9A19103F-16F7-4668-BE54-9A1E7A4F7556}") = "Tyuiu.KimmelDS.Sprint4.Task4.V1.Test", "Tyuiu.KimmelDS.Sprint4.Task4.V1.Test\Tyuiu.KimmelDS.Sprint4.Task4.V1.Test.csproj", "{269BBAF9-65A3-48B7-B389-06E71D9AADA9}"
EndProject
Project("{2150E333-8FDC-42A3-9474-1A3956D46DE8}") = "Task4", "Task4", "{391843C0-FAC9-44D8-A782-278645D49B9A}"
EndProject
Project("{9A19103F-16F7-4668-BE54-9A1E7A4F7556}") = "Tyuiu.KimmelDS.Sprint4.Task5.V18.Lib", "Tyuiu.KimmelDS.Sprint4.Task5.V18.Lib\Tyuiu.KimmelDS.Sprint4.Task5.V18.Lib.csproj", "{3662C9B4-82E0-4226-96FD-8C7A1871A9D9}"
EndProject
Project("{9A19103F-16F7-4668-BE54-9A1E7A4F7556}") = "Tyuiu.KimmelDS.Sprint4.Task5.V18", "Tyuiu.KimmelDS.Sprint4.Task5.V18\Tyuiu.KimmelDS.Sprint4.Task5.V18.csproj", "{16758664-C63B-43C2-9A29-254ADD1D1A31}"
EndProject
Project("{9A19103F-16F7-4668-BE54-9A1E7A4F7556}") = "Tyuiu.KimmelDS.Sprint4.Task5.V18.Test", "Tyuiu.KimmelDS.Sprint4.Task5.V18.Test\Tyuiu.KimmelDS.Sprint4.Task5.V18.Test.csproj", "{7030E877-0D67-4F36-833E-F34200516F26}"
EndProject
Project("{2150E333-8FDC-42A3-9474-1A3956D46DE8}") = "Task5", "Task5", "{21CA0576-5365-43BB-8BB8-DBA66434C0B3}"
EndProject
Project("{9A19103F-16F7-4668-BE54-9A1E7A4F7556}") = "Tyuiu.KimmelDS.Sprint4.Task6.V21.Lib", "Tyuiu.KimmelDS.Sprint4.Task6.V21.Lib\Tyuiu.KimmelDS.Sprint4.Task6.V21.Lib.csproj", "{2F1691C7-B018-43FC-B1CC-C76110C4779B}"
EndProject
Project("{9A19103F-16F7-4668-BE54-9A1E7A4F7556}") = "Tyuiu.KimmelDS.Sprint4.Task6.V21", "Tyuiu.KimmelDS.Sprint4.Task6.V21\Tyuiu.KimmelDS.Sprint4.Task6.V21.csproj", "{C366913F-C18F-40BD-BF5E-E465243CE40F}"
EndProject
Project("{9A19103F-16F7-4668-BE54-9A1E7A4F7556}") = "Tyuiu.KimmelDS.Sprint4.Task6.V21.Test", "Tyuiu.KimmelDS.Sprint4.Task6.V21.Test\Tyuiu.KimmelDS.Sprint4.Task6.V21.Test.csproj", "{2522FCD5-2D3D-413C-9548-48693004D946}"
EndProject
Project("{2150E333-8FDC-42A3-9474-1A3956D46DE8}") = "Task6", "Task6", "{36DF8DA9-CACB-4648-99BF-4450502CCEDE}"
EndProject
Global
	GlobalSection(SolutionConfigurationPlatforms) = preSolution
		Debug|Any CPU = Debug|Any CPU
		Release|Any CPU = Release|Any CPU
	EndGlobalSection
	GlobalSection(ProjectConfigurationPlatforms) = postSolution
		{7C9F0057-9701-4D17-BB32-8EABFEA3C38F}.Debug|Any CPU.ActiveCfg = Debug|Any CPU
		{7C9F0057-9701-4D17-BB32-8EABFEA3C38F}.Debug|Any CPU.Build.0 = Debug|Any CPU
		{7C9F0057-9701-4D17-BB32-8EABFEA3C38F}.Release|Any CPU.ActiveCfg = Release|Any CPU
		{7C9F0057-9701-4D17-BB32-8EABFEA3C38F}.Release|Any CPU.Build.0 = Release|Any CPU
		{DC1A4463-ECF4-4CDA-B2A4-724105F8FABD}.Debug|Any CPU.ActiveCfg = Debug|Any CPU
		{DC1A4463-ECF4-4CDA-B2A4-724105F8FABD}.Debug|Any CPU.Build.0 = Debug|Any CPU
		{DC1A4463-ECF4-4CDA-B2A4-724105F8FABD}.Release|Any CPU.ActiveCfg = Release|Any CPU
		{DC1A4463-ECF4-4CDA-B2A4-724105F8FABD}.Release|Any CPU.Build.0 = Release|Any CPU
		{6E465C3F-F766-434E-B4FC-ECF9E26D0F2D}.Debug|Any CPU.ActiveCfg = Debug|Any CPU
		{6E465C3F-F766-434E-B4FC-ECF9E26D0F2D}.Debug|Any CPU.Build.0 = Debug|Any CPU
		{6E465C3F-F766-434E-B4FC-ECF9E26D0F2D}.Release|Any CPU.ActiveCfg = Release|Any CPU
		{6E465C3F-F766-434E-B4FC-ECF9E26D0F2D}.Release|Any CPU.Build.0 = Release|Any CPU
		{A60E3413-0B78-4DFB-A208-0A394A0E76D8}.Debug|Any CPU.ActiveCfg = Debug|Any CPU
		{A60E3413-0B78-4DFB-A208-0A394A0E76D8}.Debug|Any CPU.Build.0 = Debug|Any CPU
		{A60E3413-0B78-4DFB-A208-0A394A0E76D8}.Release|Any CPU.ActiveCfg = Release|Any CPU
		{A60E3413-0B78-4DFB-A208-0A394A0E76D8}.Release|Any CPU.Build.0 = Release|Any CPU
		{A497CDAA-BA02-4ACE-A3EE-93EC691C3987}.Debug|Any CPU.ActiveCfg = Debug|Any CPU
		{A497CDAA-BA02-4ACE-A3EE-93EC691C3987}.Debug|Any CPU.Build.0 = Debug|Any CPU
		{A497CDAA-BA02-4ACE-A3EE-93EC691C3987}.Release|Any CPU.ActiveCfg = Release|Any CPU
		{A497CDAA-BA02-4ACE-A3EE-93EC691C3987}.Release|Any CPU.Build.0 = Release|Any CPU
		{F241F4B2-C4A7-4B23-803D-4487B67C4C4B}.Debug|Any CPU.ActiveCfg = Debug|Any CPU
		{F241F4B2-C4A7-4B23-803D-4487B67C4C4B}.Debug|Any CPU.Build.0 = Debug|Any CPU
		{F241F4B2-C4A7-4B23-803D-4487B67C4C4B}.Release|Any CPU.ActiveCfg = Release|Any CPU
		{F241F4B2-C4A7-4B23-803D-4487B67C4C4B}.Release|Any CPU.Build.0 = Release|Any CPU
		{BFEF98D2-90DC-40E6-AB37-C8C8A899CF7B}.Debug|Any CPU.ActiveCfg = Debug|Any CPU
		{BFEF98D2-90DC-40E6-AB37-C8C8A899CF7B}.Debug|Any CPU.Build.0 = Debug|Any CPU
		{BFEF98D2-90DC-40E6-AB37-C8C8A899CF7B}.Release|Any CPU.ActiveCfg = Release|Any CPU
		{BFEF98D2-90DC-40E6-AB37-C8C8A899CF7B}.Release|Any CPU.Build.0 = Release|Any CPU
		{443998B9-38E2-41E1-820B-7582C3DA85A9}.Debug|Any CPU.ActiveCfg = Debug|Any CPU
		{443998B9-38E2-41E1-820B-7582C3DA85A9}.Debug|Any CPU.Build.0 = Debug|Any CPU
		{443998B9-38E2-41E1-820B-7582C3DA85A9}.Release|Any CPU.ActiveCfg = Release|Any CPU
		{443998B9-38E2-41E1-820B-7582C3DA85A9}.Release|Any CPU.Build.0 = Release|Any CPU
		{7F38D29E-3CEE-4E54-BF0E-230CD3B01A82}.Debug|Any CPU.ActiveCfg = Debug|Any CPU
		{7F38D29E-3CEE-4E54-BF0E-230CD3B01A82}.Debug|Any CPU.Build.0 = Debug|Any CPU
		{7F38D29E-3CEE-4E54-BF0E-230CD3B01A82}.Release|Any CPU.ActiveCfg = Release|Any CPU
		{7F38D29E-3CEE-4E54-BF0E-230CD3B01A82}.Release|Any CPU.Build.0 = Release|Any CPU
		{53582B18-8D74-48D0-861F-379E5BDA9666}.Debug|Any CPU.ActiveCfg = Debug|Any CPU
		{53582B18-8D74-48D0-861F-379E5BDA9666}.Debug|Any CPU.Build.0 = Debug|Any CPU
		{53582B18-8D74-48D0-861F-379E5BDA9666}.Release|Any CPU.ActiveCfg = Release|Any CPU
		{53582B18-8D74-48D0-861F-379E5BDA9666}.Release|Any CPU.Build.0 = Release|Any CPU
		{7736070E-2B7B-4BCE-A64A-99AD0F579667}.Debug|Any CPU.ActiveCfg = Debug|Any CPU
		{7736070E-2B7B-4BCE-A64A-99AD0F579667}.Debug|Any CPU.Build.0 = Debug|Any CPU
		{7736070E-2B7B-4BCE-A64A-99AD0F579667}.Release|Any CPU.ActiveCfg = Release|Any CPU
		{7736070E-2B7B-4BCE-A64A-99AD0F579667}.Release|Any CPU.Build.0 = Release|Any CPU
		{D9DB51C8-99E7-4691-8686-2A8C53F4A689}.Debug|Any CPU.ActiveCfg = Debug|Any CPU
		{D9DB51C8-99E7-4691-8686-2A8C53F4A689}.Debug|Any CPU.Build.0 = Debug|Any CPU
		{D9DB51C8-99E7-4691-8686-2A8C53F4A689}.Release|Any CPU.ActiveCfg = Release|Any CPU
		{D9DB51C8-99E7-4691-8686-2A8C53F4A689}.Release|Any CPU.Build.0 = Release|Any CPU
		{F49A4D2D-8529-458E-A5AB-893C4D947A50}.Debug|Any CPU.ActiveCfg = Debug|Any CPU
		{F49A4D2D-8529-458E-A5AB-893C4D947A50}.Debug|Any CPU.Build.0 = Debug|Any CPU
		{F49A4D2D-8529-458E-A5AB-893C4D947A50}.Release|Any CPU.ActiveCfg = Release|Any CPU
		{F49A4D2D-8529-458E-A5AB-893C4D947A50}.Release|Any CPU.Build.0 = Release|Any CPU
		{0CFBA335-D87F-4C89-9E6F-58BA4118A502}.Debug|Any CPU.ActiveCfg = Debug|Any CPU
		{0CFBA335-D87F-4C89-9E6F-58BA4118A502}.Debug|Any CPU.Build.0 = Debug|Any CPU
		{0CFBA335-D87F-4C89-9E6F-58BA4118A502}.Release|Any CPU.ActiveCfg = Release|Any CPU
		{0CFBA335-D87F-4C89-9E6F-58BA4118A502}.Release|Any CPU.Build.0 = Release|Any CPU
		{269BBAF9-65A3-48B7-B389-06E71D9AADA9}.Debug|Any CPU.ActiveCfg = Debug|Any CPU
		{269BBAF9-65A3-48B7-B389-06E71D9AADA9}.Debug|Any CPU.Build.0 = Debug|Any CPU
		{269BBAF9-65A3-48B7-B389-06E71D9AADA9}.Release|Any CPU.ActiveCfg = Release|Any CPU
		{269BBAF9-65A3-48B7-B389-06E71D9AADA9}.Release|Any CPU.Build.0 = Release|Any CPU
		{3662C9B4-82E0-4226-96FD-8C7A1871A9D9}.Debug|Any CPU.ActiveCfg = Debug|Any CPU
		{3662C9B4-82E0-4226-96FD-8C7A1871A9D9}.Debug|Any CPU.Build.0 = Debug|Any CPU
		{3662C9B4-82E0-4226-96FD-8C7A1871A9D9}.Release|Any CPU.ActiveCfg = Release|Any CPU
		{3662C9B4-82E0-4226-96FD-8C7A1871A9D9}.Release|Any CPU.Build.0 = Release|Any CPU
		{16758664-C63B-43C2-9A29-254ADD1D1A31}.Debug|Any CPU.ActiveCfg = Debug|Any CPU
		{16758664-C63B-43C2-9A29-254ADD1D1A31}.Debug|Any CPU.Build.0 = Debug|Any CPU
		{16758664-C63B-43C2-9A29-254ADD1D1A31}.Release|Any CPU.ActiveCfg = Release|Any CPU
		{16758664-C63B-43C2-9A29-254ADD1D1A31}.Release|Any CPU.Build.0 = Release|Any CPU
		{7030E877-0D67-4F36-833E-F34200516F26}.Debug|Any CPU.ActiveCfg = Debug|Any CPU
		{7030E877-0D67-4F36-833E-F34200516F26}.Debug|Any CPU.Build.0 = Debug|Any CPU
		{7030E877-0D67-4F36-833E-F34200516F26}.Release|Any CPU.ActiveCfg = Release|Any CPU
		{7030E877-0D67-4F36-833E-F34200516F26}.Release|Any CPU.Build.0 = Release|Any CPU
		{2F1691C7-B018-43FC-B1CC-C76110C4779B}.Debug|Any CPU.ActiveCfg = Debug|Any CPU
		{2F1691C7-B018-43FC-B1CC-C76110C4779B}.Debug|Any CPU.Build.0 = Debug|Any CPU
		{2F1691C7-B018-43FC-B1CC-C76110C4779B}.Release|Any CPU.ActiveCfg = Release|Any CPU
		{2F1691C7-B018-43FC-B1CC-C76110C4779B}.Release|Any CPU.Build.0 = Release|Any CPU
		{C366913F-C18F-40BD-BF5E-E465243CE40F}.Debug|Any CPU.ActiveCfg = Debug|Any CPU
		{C366913F-C18F-40BD-BF5E-E465243CE40F}.Debug|Any CPU.Build.0 = Debug|Any CPU
		{C366913F-C18F-40BD-BF5E-E465243CE40F}.Release|Any CPU.ActiveCfg = Release|Any CPU
		{C366913F-C18F-40BD-BF5E-E465243CE40F}.Release|Any CPU.Build.0 = Release|Any CPU
		{2522FCD5-2D3D-413C-9548-48693004D946}.Debug|Any CPU.ActiveCfg = Debug|Any CPU
		{2522FCD5-2D3D-413C-9548-48693004D946}.Debug|Any CPU.Build.0 = Debug|Any CPU
		{2522FCD5-2D3D-413C-9548-48693004D946}.Release|Any CPU.ActiveCfg = Release|Any CPU
		{2522FCD5-2D3D-413C-9548-48693004D946}.Release|Any CPU.Build.0 = Release|Any CPU
	EndGlobalSection
	GlobalSection(SolutionProperties) = preSolution
		HideSolutionNode = FALSE
	EndGlobalSection
	GlobalSection(NestedProjects) = preSolution
		{7C9F0057-9701-4D17-BB32-8EABFEA3C38F} = {E21A7FCD-25AB-40AB-9909-29DE8350C1E3}
		{DC1A4463-ECF4-4CDA-B2A4-724105F8FABD} = {E21A7FCD-25AB-40AB-9909-29DE8350C1E3}
		{6E465C3F-F766-434E-B4FC-ECF9E26D0F2D} = {E21A7FCD-25AB-40AB-9909-29DE8350C1E3}
		{A60E3413-0B78-4DFB-A208-0A394A0E76D8} = {CA69DEF6-8F47-4641-AA6C-E06EAB430203}
		{A497CDAA-BA02-4ACE-A3EE-93EC691C3987} = {CA69DEF6-8F47-4641-AA6C-E06EAB430203}
		{F241F4B2-C4A7-4B23-803D-4487B67C4C4B} = {CA69DEF6-8F47-4641-AA6C-E06EAB430203}
		{BFEF98D2-90DC-40E6-AB37-C8C8A899CF7B} = {A5603DD9-3348-48F3-9D84-27DE3EFAFD28}
		{443998B9-38E2-41E1-820B-7582C3DA85A9} = {A5603DD9-3348-48F3-9D84-27DE3EFAFD28}
		{7F38D29E-3CEE-4E54-BF0E-230CD3B01A82} = {A5603DD9-3348-48F3-9D84-27DE3EFAFD28}
		{53582B18-8D74-48D0-861F-379E5BDA9666} = {C1154BF0-2023-46F7-BA79-EEDFE6F8BEB0}
		{7736070E-2B7B-4BCE-A64A-99AD0F579667} = {C1154BF0-2023-46F7-BA79-EEDFE6F8BEB0}
		{D9DB51C8-99E7-4691-8686-2A8C53F4A689} = {C1154BF0-2023-46F7-BA79-EEDFE6F8BEB0}
		{F49A4D2D-8529-458E-A5AB-893C4D947A50} = {391843C0-FAC9-44D8-A782-278645D49B9A}
		{0CFBA335-D87F-4C89-9E6F-58BA4118A502} = {391843C0-FAC9-44D8-A782-278645D49B9A}
		{269BBAF9-65A3-48B7-B389-06E71D9AADA9} = {391843C0-FAC9-44D8-A782-278645D49B9A}
		{3662C9B4-82E0-4226-96FD-8C7A1871A9D9} = {21CA0576-5365-43BB-8BB8-DBA66434C0B3}
		{16758664-C63B-43C2-9A29-254ADD1D1A31} = {21CA0576-5365-43BB-8BB8-DBA66434C0B3}
		{7030E877-0D67-4F36-833E-F34200516F26} = {21CA0576-5365-43BB-8BB8-DBA66434C0B3}
		{2F1691C7-B018-43FC-B1CC-C76110C4779B} = {36DF8DA9-CACB-4648-99BF-4450502CCEDE}
		{C366913F-C18F-40BD-BF5E-E465243CE40F} = {36DF8DA9-CACB-4648-99BF-4450502CCEDE}
		{2522FCD5-2D3D-413C-9548-48693004D946} = {36DF8DA9-CACB-4648-99BF-4450502CCEDE}
	EndGlobalSection
	GlobalSection(ExtensibilityGlobals) = postSolution
		SolutionGuid = {7F52589A-B2C2-493C-AECE-5CC9AEDD484E}
	EndGlobalSection
EndGlobal
